
Microsoft Visual Studio Solution File, Format Version 12.00
# Visual Studio Version 17
VisualStudioVersion = 17.5.33530.505
MinimumVisualStudioVersion = 10.0.40219.1
Project("{9A19103F-16F7-4668-BE54-9A1E7A4F7556}") = "Bank", "Bank\Bank.csproj", "{0B0BE4E1-34D2-4EE1-B3E0-30F8839352DB}"
EndProject
Project("{9A19103F-16F7-4668-BE54-9A1E7A4F7556}") = "Bank.Tests", "Bank.Tests\Bank.Tests.csproj", "{2392C0D8-C012-477C-96BC-D58A3442517F}"
EndProject
Global
	GlobalSection(SolutionConfigurationPlatforms) = preSolution
		Debug|Any CPU = Debug|Any CPU
		Release|Any CPU = Release|Any CPU
	EndGlobalSection
	GlobalSection(ProjectConfigurationPlatforms) = postSolution
		{0B0BE4E1-34D2-4EE1-B3E0-30F8839352DB}.Debug|Any CPU.ActiveCfg = Debug|Any CPU
		{0B0BE4E1-34D2-4EE1-B3E0-30F8839352DB}.Debug|Any CPU.Build.0 = Debug|Any CPU
		{0B0BE4E1-34D2-4EE1-B3E0-30F8839352DB}.Release|Any CPU.ActiveCfg = Release|Any CPU
		{0B0BE4E1-34D2-4EE1-B3E0-30F8839352DB}.Release|Any CPU.Build.0 = Release|Any CPU
		{2392C0D8-C012-477C-96BC-D58A3442517F}.Debug|Any CPU.ActiveCfg = Debug|Any CPU
		{2392C0D8-C012-477C-96BC-D58A3442517F}.Debug|Any CPU.Build.0 = Debug|Any CPU
		{2392C0D8-C012-477C-96BC-D58A3442517F}.Release|Any CPU.ActiveCfg = Release|Any CPU
		{2392C0D8-C012-477C-96BC-D58A3442517F}.Release|Any CPU.Build.0 = Release|Any CPU
	EndGlobalSection
	GlobalSection(SolutionProperties) = preSolution
		HideSolutionNode = FALSE
	EndGlobalSection
	GlobalSection(ExtensibilityGlobals) = postSolution
		SolutionGuid = {BBC1E384-7C9D-4077-B2E5-7229650B238E}
	EndGlobalSection
EndGlobal
